// !$*UTF8*$!
{
	archiveVersion = 1;
	classes = {
	};
	objectVersion = 55;
	objects = {

/* Begin PBXBuildFile section */
		180DB59D284A3C5500D627F5 /* AppDelegate.swift in Sources */ = {isa = PBXBuildFile; fileRef = 180DB59C284A3C5500D627F5 /* AppDelegate.swift */; };
		180DB59F284A3C5500D627F5 /* SceneDelegate.swift in Sources */ = {isa = PBXBuildFile; fileRef = 180DB59E284A3C5500D627F5 /* SceneDelegate.swift */; };
		180DB5A4284A3C5500D627F5 /* Main.storyboard in Resources */ = {isa = PBXBuildFile; fileRef = 180DB5A2284A3C5500D627F5 /* Main.storyboard */; };
		180DB5A6284A3C5800D627F5 /* Icons.xcassets in Resources */ = {isa = PBXBuildFile; fileRef = 180DB5A5284A3C5800D627F5 /* Icons.xcassets */; };
		180DB5B4284A3C5900D627F5 /* EcommerceAppTests.swift in Sources */ = {isa = PBXBuildFile; fileRef = 180DB5B3284A3C5900D627F5 /* EcommerceAppTests.swift */; };
		180DB5BE284A3C5900D627F5 /* EcommerceAppUITests.swift in Sources */ = {isa = PBXBuildFile; fileRef = 180DB5BD284A3C5900D627F5 /* EcommerceAppUITests.swift */; };
		180DB5C0284A3C5900D627F5 /* EcommerceAppUITestsLaunchTests.swift in Sources */ = {isa = PBXBuildFile; fileRef = 180DB5BF284A3C5900D627F5 /* EcommerceAppUITestsLaunchTests.swift */; };
		180DB5D0284A3CBE00D627F5 /* WebServiceHandler.swift in Sources */ = {isa = PBXBuildFile; fileRef = 180DB5CF284A3CBE00D627F5 /* WebServiceHandler.swift */; };
		180DB5D3284A402B00D627F5 /* Color.xcassets in Resources */ = {isa = PBXBuildFile; fileRef = 180DB5D2284A402B00D627F5 /* Color.xcassets */; };
		180DB5D9284A405A00D627F5 /* SFProDisplay-Medium.ttf in Resources */ = {isa = PBXBuildFile; fileRef = 180DB5D5284A405A00D627F5 /* SFProDisplay-Medium.ttf */; };
		180DB5DA284A405A00D627F5 /* SFProDisplay-Regular.ttf in Resources */ = {isa = PBXBuildFile; fileRef = 180DB5D6284A405A00D627F5 /* SFProDisplay-Regular.ttf */; };
		180DB5DB284A405A00D627F5 /* SFProDisplay-Semibold.ttf in Resources */ = {isa = PBXBuildFile; fileRef = 180DB5D7284A405A00D627F5 /* SFProDisplay-Semibold.ttf */; };
		180DB5DC284A405A00D627F5 /* SFProDisplay-Bold.ttf in Resources */ = {isa = PBXBuildFile; fileRef = 180DB5D8284A405A00D627F5 /* SFProDisplay-Bold.ttf */; };
		180DB5E3284A428E00D627F5 /* HomeViewController.swift in Sources */ = {isa = PBXBuildFile; fileRef = 180DB5E2284A428E00D627F5 /* HomeViewController.swift */; };
		180DB5E7284A4B1500D627F5 /* HomeViewModel.swift in Sources */ = {isa = PBXBuildFile; fileRef = 180DB5E6284A4B1500D627F5 /* HomeViewModel.swift */; };
		180DB5EC284A4C0200D627F5 /* ViewModel.swift in Sources */ = {isa = PBXBuildFile; fileRef = 180DB5EA284A4C0200D627F5 /* ViewModel.swift */; };
		180DB5ED284A4C0200D627F5 /* RefreshDelegate.swift in Sources */ = {isa = PBXBuildFile; fileRef = 180DB5EB284A4C0200D627F5 /* RefreshDelegate.swift */; };
		180DB5F1284A4E2700D627F5 /* HomeData.swift in Sources */ = {isa = PBXBuildFile; fileRef = 180DB5F0284A4E2700D627F5 /* HomeData.swift */; };
		180DB5F5284A4E8200D627F5 /* HomeResponse.swift in Sources */ = {isa = PBXBuildFile; fileRef = 180DB5F4284A4E8200D627F5 /* HomeResponse.swift */; };
		180DB5F8284A53C500D627F5 /* ActivityIndicatorLoader.swift in Sources */ = {isa = PBXBuildFile; fileRef = 180DB5F7284A53C500D627F5 /* ActivityIndicatorLoader.swift */; };
		180DB5FA284A565100D627F5 /* HomeTableViewCell.swift in Sources */ = {isa = PBXBuildFile; fileRef = 180DB5F9284A565100D627F5 /* HomeTableViewCell.swift */; };
		180DB5FE284A57C900D627F5 /* CategoryCollectionViewCell.swift in Sources */ = {isa = PBXBuildFile; fileRef = 180DB5FD284A57C900D627F5 /* CategoryCollectionViewCell.swift */; };
		180DB601284A586300D627F5 /* SDWebImage in Frameworks */ = {isa = PBXBuildFile; productRef = 180DB600284A586300D627F5 /* SDWebImage */; };
		180DB607284A61B200D627F5 /* BannerCollectionViewCell.swift in Sources */ = {isa = PBXBuildFile; fileRef = 180DB606284A61B200D627F5 /* BannerCollectionViewCell.swift */; };
		180DB60A284A633100D627F5 /* ProductCollectionViewCell.swift in Sources */ = {isa = PBXBuildFile; fileRef = 180DB609284A633100D627F5 /* ProductCollectionViewCell.swift */; };
		180DB60C284A6AB600D627F5 /* ProductCollectionViewCellViewModel.swift in Sources */ = {isa = PBXBuildFile; fileRef = 180DB60B284A6AB600D627F5 /* ProductCollectionViewCellViewModel.swift */; };
		18DBFADC284A7C2300C08659 /* Launch Screen.storyboard in Resources */ = {isa = PBXBuildFile; fileRef = 18DBFADB284A7C2300C08659 /* Launch Screen.storyboard */; };
/* End PBXBuildFile section */

/* Begin PBXContainerItemProxy section */
		180DB5B0284A3C5900D627F5 /* PBXContainerItemProxy */ = {
			isa = PBXContainerItemProxy;
			containerPortal = 180DB591284A3C5500D627F5 /* Project object */;
			proxyType = 1;
			remoteGlobalIDString = 180DB598284A3C5500D627F5;
			remoteInfo = EcommerceApp;
		};
		180DB5BA284A3C5900D627F5 /* PBXContainerItemProxy */ = {
			isa = PBXContainerItemProxy;
			containerPortal = 180DB591284A3C5500D627F5 /* Project object */;
			proxyType = 1;
			remoteGlobalIDString = 180DB598284A3C5500D627F5;
			remoteInfo = EcommerceApp;
		};
/* End PBXContainerItemProxy section */

/* Begin PBXFileReference section */
		180DB599284A3C5500D627F5 /* EcommerceApp.app */ = {isa = PBXFileReference; explicitFileType = wrapper.application; includeInIndex = 0; path = EcommerceApp.app; sourceTree = BUILT_PRODUCTS_DIR; };
		180DB59C284A3C5500D627F5 /* AppDelegate.swift */ = {isa = PBXFileReference; lastKnownFileType = sourcecode.swift; path = AppDelegate.swift; sourceTree = "<group>"; };
		180DB59E284A3C5500D627F5 /* SceneDelegate.swift */ = {isa = PBXFileReference; lastKnownFileType = sourcecode.swift; path = SceneDelegate.swift; sourceTree = "<group>"; };
		180DB5A3284A3C5500D627F5 /* Base */ = {isa = PBXFileReference; lastKnownFileType = file.storyboard; name = Base; path = Base.lproj/Main.storyboard; sourceTree = "<group>"; };
		180DB5A5284A3C5800D627F5 /* Icons.xcassets */ = {isa = PBXFileReference; lastKnownFileType = folder.assetcatalog; path = Icons.xcassets; sourceTree = "<group>"; };
		180DB5AA284A3C5800D627F5 /* Info.plist */ = {isa = PBXFileReference; lastKnownFileType = text.plist.xml; path = Info.plist; sourceTree = "<group>"; };
		180DB5AF284A3C5900D627F5 /* EcommerceAppTests.xctest */ = {isa = PBXFileReference; explicitFileType = wrapper.cfbundle; includeInIndex = 0; path = EcommerceAppTests.xctest; sourceTree = BUILT_PRODUCTS_DIR; };
		180DB5B3284A3C5900D627F5 /* EcommerceAppTests.swift */ = {isa = PBXFileReference; lastKnownFileType = sourcecode.swift; path = EcommerceAppTests.swift; sourceTree = "<group>"; };
		180DB5B9284A3C5900D627F5 /* EcommerceAppUITests.xctest */ = {isa = PBXFileReference; explicitFileType = wrapper.cfbundle; includeInIndex = 0; path = EcommerceAppUITests.xctest; sourceTree = BUILT_PRODUCTS_DIR; };
		180DB5BD284A3C5900D627F5 /* EcommerceAppUITests.swift */ = {isa = PBXFileReference; lastKnownFileType = sourcecode.swift; path = EcommerceAppUITests.swift; sourceTree = "<group>"; };
		180DB5BF284A3C5900D627F5 /* EcommerceAppUITestsLaunchTests.swift */ = {isa = PBXFileReference; lastKnownFileType = sourcecode.swift; path = EcommerceAppUITestsLaunchTests.swift; sourceTree = "<group>"; };
		180DB5CF284A3CBE00D627F5 /* WebServiceHandler.swift */ = {isa = PBXFileReference; fileEncoding = 4; lastKnownFileType = sourcecode.swift; path = WebServiceHandler.swift; sourceTree = "<group>"; };
		180DB5D2284A402B00D627F5 /* Color.xcassets */ = {isa = PBXFileReference; lastKnownFileType = folder.assetcatalog; path = Color.xcassets; sourceTree = "<group>"; };
		180DB5D5284A405A00D627F5 /* SFProDisplay-Medium.ttf */ = {isa = PBXFileReference; lastKnownFileType = file; path = "SFProDisplay-Medium.ttf"; sourceTree = "<group>"; };
		180DB5D6284A405A00D627F5 /* SFProDisplay-Regular.ttf */ = {isa = PBXFileReference; lastKnownFileType = file; path = "SFProDisplay-Regular.ttf"; sourceTree = "<group>"; };
		180DB5D7284A405A00D627F5 /* SFProDisplay-Semibold.ttf */ = {isa = PBXFileReference; lastKnownFileType = file; path = "SFProDisplay-Semibold.ttf"; sourceTree = "<group>"; };
		180DB5D8284A405A00D627F5 /* SFProDisplay-Bold.ttf */ = {isa = PBXFileReference; lastKnownFileType = file; path = "SFProDisplay-Bold.ttf"; sourceTree = "<group>"; };
		180DB5E2284A428E00D627F5 /* HomeViewController.swift */ = {isa = PBXFileReference; lastKnownFileType = sourcecode.swift; path = HomeViewController.swift; sourceTree = "<group>"; };
		180DB5E6284A4B1500D627F5 /* HomeViewModel.swift */ = {isa = PBXFileReference; lastKnownFileType = sourcecode.swift; path = HomeViewModel.swift; sourceTree = "<group>"; };
		180DB5EA284A4C0200D627F5 /* ViewModel.swift */ = {isa = PBXFileReference; fileEncoding = 4; lastKnownFileType = sourcecode.swift; path = ViewModel.swift; sourceTree = "<group>"; };
		180DB5EB284A4C0200D627F5 /* RefreshDelegate.swift */ = {isa = PBXFileReference; fileEncoding = 4; lastKnownFileType = sourcecode.swift; path = RefreshDelegate.swift; sourceTree = "<group>"; };
		180DB5F0284A4E2700D627F5 /* HomeData.swift */ = {isa = PBXFileReference; lastKnownFileType = sourcecode.swift; path = HomeData.swift; sourceTree = "<group>"; };
		180DB5F4284A4E8200D627F5 /* HomeResponse.swift */ = {isa = PBXFileReference; lastKnownFileType = sourcecode.swift; path = HomeResponse.swift; sourceTree = "<group>"; };
		180DB5F7284A53C500D627F5 /* ActivityIndicatorLoader.swift */ = {isa = PBXFileReference; lastKnownFileType = sourcecode.swift; path = ActivityIndicatorLoader.swift; sourceTree = "<group>"; };
		180DB5F9284A565100D627F5 /* HomeTableViewCell.swift */ = {isa = PBXFileReference; lastKnownFileType = sourcecode.swift; path = HomeTableViewCell.swift; sourceTree = "<group>"; };
		180DB5FD284A57C900D627F5 /* CategoryCollectionViewCell.swift */ = {isa = PBXFileReference; lastKnownFileType = sourcecode.swift; path = CategoryCollectionViewCell.swift; sourceTree = "<group>"; };
		180DB606284A61B200D627F5 /* BannerCollectionViewCell.swift */ = {isa = PBXFileReference; lastKnownFileType = sourcecode.swift; path = BannerCollectionViewCell.swift; sourceTree = "<group>"; };
		180DB609284A633100D627F5 /* ProductCollectionViewCell.swift */ = {isa = PBXFileReference; lastKnownFileType = sourcecode.swift; path = ProductCollectionViewCell.swift; sourceTree = "<group>"; };
		180DB60B284A6AB600D627F5 /* ProductCollectionViewCellViewModel.swift */ = {isa = PBXFileReference; lastKnownFileType = sourcecode.swift; path = ProductCollectionViewCellViewModel.swift; sourceTree = "<group>"; };
		18DBFADB284A7C2300C08659 /* Launch Screen.storyboard */ = {isa = PBXFileReference; lastKnownFileType = file.storyboard; path = "Launch Screen.storyboard"; sourceTree = "<group>"; };
/* End PBXFileReference section */

/* Begin PBXFrameworksBuildPhase section */
		180DB596284A3C5500D627F5 /* Frameworks */ = {
			isa = PBXFrameworksBuildPhase;
			buildActionMask = 2147483647;
			files = (
				180DB601284A586300D627F5 /* SDWebImage in Frameworks */,
			);
			runOnlyForDeploymentPostprocessing = 0;
		};
		180DB5AC284A3C5900D627F5 /* Frameworks */ = {
			isa = PBXFrameworksBuildPhase;
			buildActionMask = 2147483647;
			files = (
			);
			runOnlyForDeploymentPostprocessing = 0;
		};
		180DB5B6284A3C5900D627F5 /* Frameworks */ = {
			isa = PBXFrameworksBuildPhase;
			buildActionMask = 2147483647;
			files = (
			);
			runOnlyForDeploymentPostprocessing = 0;
		};
/* End PBXFrameworksBuildPhase section */

/* Begin PBXGroup section */
		180DB590284A3C5500D627F5 = {
			isa = PBXGroup;
			children = (
				180DB59B284A3C5500D627F5 /* EcommerceApp */,
				180DB5B2284A3C5900D627F5 /* EcommerceAppTests */,
				180DB5BC284A3C5900D627F5 /* EcommerceAppUITests */,
				180DB59A284A3C5500D627F5 /* Products */,
			);
			sourceTree = "<group>";
		};
		180DB59A284A3C5500D627F5 /* Products */ = {
			isa = PBXGroup;
			children = (
				180DB599284A3C5500D627F5 /* EcommerceApp.app */,
				180DB5AF284A3C5900D627F5 /* EcommerceAppTests.xctest */,
				180DB5B9284A3C5900D627F5 /* EcommerceAppUITests.xctest */,
			);
			name = Products;
			sourceTree = "<group>";
		};
		180DB59B284A3C5500D627F5 /* EcommerceApp */ = {
			isa = PBXGroup;
			children = (
				180DB5D1284A3FF000D627F5 /* Assets */,
				180DB5CC284A3C7200D627F5 /* Source */,
				180DB59C284A3C5500D627F5 /* AppDelegate.swift */,
				180DB59E284A3C5500D627F5 /* SceneDelegate.swift */,
				180DB5AA284A3C5800D627F5 /* Info.plist */,
				18DBFADB284A7C2300C08659 /* Launch Screen.storyboard */,
			);
			path = EcommerceApp;
			sourceTree = "<group>";
		};
		180DB5B2284A3C5900D627F5 /* EcommerceAppTests */ = {
			isa = PBXGroup;
			children = (
				180DB5B3284A3C5900D627F5 /* EcommerceAppTests.swift */,
			);
			path = EcommerceAppTests;
			sourceTree = "<group>";
		};
		180DB5BC284A3C5900D627F5 /* EcommerceAppUITests */ = {
			isa = PBXGroup;
			children = (
				180DB5BD284A3C5900D627F5 /* EcommerceAppUITests.swift */,
				180DB5BF284A3C5900D627F5 /* EcommerceAppUITestsLaunchTests.swift */,
			);
			path = EcommerceAppUITests;
			sourceTree = "<group>";
		};
		180DB5CC284A3C7200D627F5 /* Source */ = {
			isa = PBXGroup;
			children = (
				180DB5E0284A41DD00D627F5 /* Domain */,
				180DB5DD284A410800D627F5 /* Presentation */,
				180DB5CD284A3CAA00D627F5 /* Data */,
			);
			path = Source;
			sourceTree = "<group>";
		};
		180DB5CD284A3CAA00D627F5 /* Data */ = {
			isa = PBXGroup;
			children = (
				180DB5CE284A3CBE00D627F5 /* WebServiceHandler */,
			);
			path = Data;
			sourceTree = "<group>";
		};
		180DB5CE284A3CBE00D627F5 /* WebServiceHandler */ = {
			isa = PBXGroup;
			children = (
				180DB5CF284A3CBE00D627F5 /* WebServiceHandler.swift */,
			);
			path = WebServiceHandler;
			sourceTree = "<group>";
		};
		180DB5D1284A3FF000D627F5 /* Assets */ = {
			isa = PBXGroup;
			children = (
				180DB5D4284A403300D627F5 /* Fonts */,
				180DB5A5284A3C5800D627F5 /* Icons.xcassets */,
				180DB5D2284A402B00D627F5 /* Color.xcassets */,
			);
			path = Assets;
			sourceTree = "<group>";
		};
		180DB5D4284A403300D627F5 /* Fonts */ = {
			isa = PBXGroup;
			children = (
				180DB5D8284A405A00D627F5 /* SFProDisplay-Bold.ttf */,
				180DB5D5284A405A00D627F5 /* SFProDisplay-Medium.ttf */,
				180DB5D6284A405A00D627F5 /* SFProDisplay-Regular.ttf */,
				180DB5D7284A405A00D627F5 /* SFProDisplay-Semibold.ttf */,
			);
			path = Fonts;
			sourceTree = "<group>";
		};
		180DB5DD284A410800D627F5 /* Presentation */ = {
			isa = PBXGroup;
			children = (
				180DB5F6284A53A300D627F5 /* ViewExtender */,
				180DB5E8284A4B2F00D627F5 /* BaseClasses */,
				180DB5DF284A416000D627F5 /* Home */,
				180DB5DE284A411500D627F5 /* Storyboard */,
			);
			path = Presentation;
			sourceTree = "<group>";
		};
		180DB5DE284A411500D627F5 /* Storyboard */ = {
			isa = PBXGroup;
			children = (
				180DB5A2284A3C5500D627F5 /* Main.storyboard */,
			);
			path = Storyboard;
			sourceTree = "<group>";
		};
		180DB5DF284A416000D627F5 /* Home */ = {
			isa = PBXGroup;
			children = (
				180DB5E5284A4AF100D627F5 /* ViewController */,
				180DB5E4284A4AEA00D627F5 /* Cell */,
			);
			path = Home;
			sourceTree = "<group>";
		};
		180DB5E0284A41DD00D627F5 /* Domain */ = {
			isa = PBXGroup;
			children = (
				180DB5F0284A4E2700D627F5 /* HomeData.swift */,
				180DB5F4284A4E8200D627F5 /* HomeResponse.swift */,
			);
			path = Domain;
			sourceTree = "<group>";
		};
		180DB5E4284A4AEA00D627F5 /* Cell */ = {
			isa = PBXGroup;
			children = (
				180DB608284A631C00D627F5 /* ProductCollectionViewCell */,
				180DB605284A619C00D627F5 /* BannerCollectionViewCell */,
				180DB5FC284A57A300D627F5 /* CategoryCollectionViewCell */,
				180DB5FB284A579100D627F5 /* HomeTableViewCell */,
			);
			path = Cell;
			sourceTree = "<group>";
		};
		180DB5E5284A4AF100D627F5 /* ViewController */ = {
			isa = PBXGroup;
			children = (
				180DB5E2284A428E00D627F5 /* HomeViewController.swift */,
				180DB5E6284A4B1500D627F5 /* HomeViewModel.swift */,
			);
			path = ViewController;
			sourceTree = "<group>";
		};
		180DB5E8284A4B2F00D627F5 /* BaseClasses */ = {
			isa = PBXGroup;
			children = (
				180DB5E9284A4C0200D627F5 /* Protocols */,
			);
			path = BaseClasses;
			sourceTree = "<group>";
		};
		180DB5E9284A4C0200D627F5 /* Protocols */ = {
			isa = PBXGroup;
			children = (
				180DB5EA284A4C0200D627F5 /* ViewModel.swift */,
				180DB5EB284A4C0200D627F5 /* RefreshDelegate.swift */,
			);
			path = Protocols;
			sourceTree = "<group>";
		};
		180DB5F6284A53A300D627F5 /* ViewExtender */ = {
			isa = PBXGroup;
			children = (
				180DB5F7284A53C500D627F5 /* ActivityIndicatorLoader.swift */,
			);
			path = ViewExtender;
			sourceTree = "<group>";
		};
		180DB5FB284A579100D627F5 /* HomeTableViewCell */ = {
			isa = PBXGroup;
			children = (
				180DB5F9284A565100D627F5 /* HomeTableViewCell.swift */,
			);
			path = HomeTableViewCell;
			sourceTree = "<group>";
		};
		180DB5FC284A57A300D627F5 /* CategoryCollectionViewCell */ = {
			isa = PBXGroup;
			children = (
				180DB5FD284A57C900D627F5 /* CategoryCollectionViewCell.swift */,
			);
			path = CategoryCollectionViewCell;
			sourceTree = "<group>";
		};
		180DB605284A619C00D627F5 /* BannerCollectionViewCell */ = {
			isa = PBXGroup;
			children = (
				180DB606284A61B200D627F5 /* BannerCollectionViewCell.swift */,
			);
			path = BannerCollectionViewCell;
			sourceTree = "<group>";
		};
		180DB608284A631C00D627F5 /* ProductCollectionViewCell */ = {
			isa = PBXGroup;
			children = (
				180DB609284A633100D627F5 /* ProductCollectionViewCell.swift */,
				180DB60B284A6AB600D627F5 /* ProductCollectionViewCellViewModel.swift */,
			);
			path = ProductCollectionViewCell;
			sourceTree = "<group>";
		};
/* End PBXGroup section */

/* Begin PBXNativeTarget section */
		180DB598284A3C5500D627F5 /* EcommerceApp */ = {
			isa = PBXNativeTarget;
			buildConfigurationList = 180DB5C3284A3C5900D627F5 /* Build configuration list for PBXNativeTarget "EcommerceApp" */;
			buildPhases = (
				180DB595284A3C5500D627F5 /* Sources */,
				180DB596284A3C5500D627F5 /* Frameworks */,
				180DB597284A3C5500D627F5 /* Resources */,
			);
			buildRules = (
			);
			dependencies = (
			);
			name = EcommerceApp;
			packageProductDependencies = (
				180DB600284A586300D627F5 /* SDWebImage */,
			);
			productName = EcommerceApp;
			productReference = 180DB599284A3C5500D627F5 /* EcommerceApp.app */;
			productType = "com.apple.product-type.application";
		};
		180DB5AE284A3C5900D627F5 /* EcommerceAppTests */ = {
			isa = PBXNativeTarget;
			buildConfigurationList = 180DB5C6284A3C5900D627F5 /* Build configuration list for PBXNativeTarget "EcommerceAppTests" */;
			buildPhases = (
				180DB5AB284A3C5900D627F5 /* Sources */,
				180DB5AC284A3C5900D627F5 /* Frameworks */,
				180DB5AD284A3C5900D627F5 /* Resources */,
			);
			buildRules = (
			);
			dependencies = (
				180DB5B1284A3C5900D627F5 /* PBXTargetDependency */,
			);
			name = EcommerceAppTests;
			productName = EcommerceAppTests;
			productReference = 180DB5AF284A3C5900D627F5 /* EcommerceAppTests.xctest */;
			productType = "com.apple.product-type.bundle.unit-test";
		};
		180DB5B8284A3C5900D627F5 /* EcommerceAppUITests */ = {
			isa = PBXNativeTarget;
			buildConfigurationList = 180DB5C9284A3C5900D627F5 /* Build configuration list for PBXNativeTarget "EcommerceAppUITests" */;
			buildPhases = (
				180DB5B5284A3C5900D627F5 /* Sources */,
				180DB5B6284A3C5900D627F5 /* Frameworks */,
				180DB5B7284A3C5900D627F5 /* Resources */,
			);
			buildRules = (
			);
			dependencies = (
				180DB5BB284A3C5900D627F5 /* PBXTargetDependency */,
			);
			name = EcommerceAppUITests;
			productName = EcommerceAppUITests;
			productReference = 180DB5B9284A3C5900D627F5 /* EcommerceAppUITests.xctest */;
			productType = "com.apple.product-type.bundle.ui-testing";
		};
/* End PBXNativeTarget section */

/* Begin PBXProject section */
		180DB591284A3C5500D627F5 /* Project object */ = {
			isa = PBXProject;
			attributes = {
				BuildIndependentTargetsInParallel = 1;
				LastSwiftUpdateCheck = 1340;
				LastUpgradeCheck = 1340;
				TargetAttributes = {
					180DB598284A3C5500D627F5 = {
						CreatedOnToolsVersion = 13.4;
					};
					180DB5AE284A3C5900D627F5 = {
						CreatedOnToolsVersion = 13.4;
						TestTargetID = 180DB598284A3C5500D627F5;
					};
					180DB5B8284A3C5900D627F5 = {
						CreatedOnToolsVersion = 13.4;
						TestTargetID = 180DB598284A3C5500D627F5;
					};
				};
			};
			buildConfigurationList = 180DB594284A3C5500D627F5 /* Build configuration list for PBXProject "EcommerceApp" */;
			compatibilityVersion = "Xcode 13.0";
			developmentRegion = en;
			hasScannedForEncodings = 0;
			knownRegions = (
				en,
				Base,
			);
			mainGroup = 180DB590284A3C5500D627F5;
			packageReferences = (
				180DB5FF284A586300D627F5 /* XCRemoteSwiftPackageReference "SDWebImage" */,
			);
			productRefGroup = 180DB59A284A3C5500D627F5 /* Products */;
			projectDirPath = "";
			projectRoot = "";
			targets = (
				180DB598284A3C5500D627F5 /* EcommerceApp */,
				180DB5AE284A3C5900D627F5 /* EcommerceAppTests */,
				180DB5B8284A3C5900D627F5 /* EcommerceAppUITests */,
			);
		};
/* End PBXProject section */

/* Begin PBXResourcesBuildPhase section */
		180DB597284A3C5500D627F5 /* Resources */ = {
			isa = PBXResourcesBuildPhase;
			buildActionMask = 2147483647;
			files = (
				180DB5D3284A402B00D627F5 /* Color.xcassets in Resources */,
				180DB5DB284A405A00D627F5 /* SFProDisplay-Semibold.ttf in Resources */,
				18DBFADC284A7C2300C08659 /* Launch Screen.storyboard in Resources */,
				180DB5A6284A3C5800D627F5 /* Icons.xcassets in Resources */,
				180DB5DA284A405A00D627F5 /* SFProDisplay-Regular.ttf in Resources */,
				180DB5A4284A3C5500D627F5 /* Main.storyboard in Resources */,
				180DB5D9284A405A00D627F5 /* SFProDisplay-Medium.ttf in Resources */,
				180DB5DC284A405A00D627F5 /* SFProDisplay-Bold.ttf in Resources */,
			);
			runOnlyForDeploymentPostprocessing = 0;
		};
		180DB5AD284A3C5900D627F5 /* Resources */ = {
			isa = PBXResourcesBuildPhase;
			buildActionMask = 2147483647;
			files = (
			);
			runOnlyForDeploymentPostprocessing = 0;
		};
		180DB5B7284A3C5900D627F5 /* Resources */ = {
			isa = PBXResourcesBuildPhase;
			buildActionMask = 2147483647;
			files = (
			);
			runOnlyForDeploymentPostprocessing = 0;
		};
/* End PBXResourcesBuildPhase section */

/* Begin PBXSourcesBuildPhase section */
		180DB595284A3C5500D627F5 /* Sources */ = {
			isa = PBXSourcesBuildPhase;
			buildActionMask = 2147483647;
			files = (
				180DB59D284A3C5500D627F5 /* AppDelegate.swift in Sources */,
				180DB5F5284A4E8200D627F5 /* HomeResponse.swift in Sources */,
				180DB60A284A633100D627F5 /* ProductCollectionViewCell.swift in Sources */,
				180DB59F284A3C5500D627F5 /* SceneDelegate.swift in Sources */,
				180DB5D0284A3CBE00D627F5 /* WebServiceHandler.swift in Sources */,
				180DB5FE284A57C900D627F5 /* CategoryCollectionViewCell.swift in Sources */,
				180DB607284A61B200D627F5 /* BannerCollectionViewCell.swift in Sources */,
				180DB5E7284A4B1500D627F5 /* HomeViewModel.swift in Sources */,
				180DB5EC284A4C0200D627F5 /* ViewModel.swift in Sources */,
				180DB5FA284A565100D627F5 /* HomeTableViewCell.swift in Sources */,
				180DB5F1284A4E2700D627F5 /* HomeData.swift in Sources */,
				180DB5ED284A4C0200D627F5 /* RefreshDelegate.swift in Sources */,
				180DB5F8284A53C500D627F5 /* ActivityIndicatorLoader.swift in Sources */,
				180DB60C284A6AB600D627F5 /* ProductCollectionViewCellViewModel.swift in Sources */,
				180DB5E3284A428E00D627F5 /* HomeViewController.swift in Sources */,
			);
			runOnlyForDeploymentPostprocessing = 0;
		};
		180DB5AB284A3C5900D627F5 /* Sources */ = {
			isa = PBXSourcesBuildPhase;
			buildActionMask = 2147483647;
			files = (
				180DB5B4284A3C5900D627F5 /* EcommerceAppTests.swift in Sources */,
			);
			runOnlyForDeploymentPostprocessing = 0;
		};
		180DB5B5284A3C5900D627F5 /* Sources */ = {
			isa = PBXSourcesBuildPhase;
			buildActionMask = 2147483647;
			files = (
				180DB5BE284A3C5900D627F5 /* EcommerceAppUITests.swift in Sources */,
				180DB5C0284A3C5900D627F5 /* EcommerceAppUITestsLaunchTests.swift in Sources */,
			);
			runOnlyForDeploymentPostprocessing = 0;
		};
/* End PBXSourcesBuildPhase section */

/* Begin PBXTargetDependency section */
		180DB5B1284A3C5900D627F5 /* PBXTargetDependency */ = {
			isa = PBXTargetDependency;
			target = 180DB598284A3C5500D627F5 /* EcommerceApp */;
			targetProxy = 180DB5B0284A3C5900D627F5 /* PBXContainerItemProxy */;
		};
		180DB5BB284A3C5900D627F5 /* PBXTargetDependency */ = {
			isa = PBXTargetDependency;
			target = 180DB598284A3C5500D627F5 /* EcommerceApp */;
			targetProxy = 180DB5BA284A3C5900D627F5 /* PBXContainerItemProxy */;
		};
/* End PBXTargetDependency section */

/* Begin PBXVariantGroup section */
		180DB5A2284A3C5500D627F5 /* Main.storyboard */ = {
			isa = PBXVariantGroup;
			children = (
				180DB5A3284A3C5500D627F5 /* Base */,
			);
			name = Main.storyboard;
			sourceTree = "<group>";
		};
/* End PBXVariantGroup section */

/* Begin XCBuildConfiguration section */
		180DB5C1284A3C5900D627F5 /* Debug */ = {
			isa = XCBuildConfiguration;
			buildSettings = {
				ALWAYS_SEARCH_USER_PATHS = NO;
				CLANG_ANALYZER_NONNULL = YES;
				CLANG_ANALYZER_NUMBER_OBJECT_CONVERSION = YES_AGGRESSIVE;
				CLANG_CXX_LANGUAGE_STANDARD = "gnu++17";
				CLANG_ENABLE_MODULES = YES;
				CLANG_ENABLE_OBJC_ARC = YES;
				CLANG_ENABLE_OBJC_WEAK = YES;
				CLANG_WARN_BLOCK_CAPTURE_AUTORELEASING = YES;
				CLANG_WARN_BOOL_CONVERSION = YES;
				CLANG_WARN_COMMA = YES;
				CLANG_WARN_CONSTANT_CONVERSION = YES;
				CLANG_WARN_DEPRECATED_OBJC_IMPLEMENTATIONS = YES;
				CLANG_WARN_DIRECT_OBJC_ISA_USAGE = YES_ERROR;
				CLANG_WARN_DOCUMENTATION_COMMENTS = YES;
				CLANG_WARN_EMPTY_BODY = YES;
				CLANG_WARN_ENUM_CONVERSION = YES;
				CLANG_WARN_INFINITE_RECURSION = YES;
				CLANG_WARN_INT_CONVERSION = YES;
				CLANG_WARN_NON_LITERAL_NULL_CONVERSION = YES;
				CLANG_WARN_OBJC_IMPLICIT_RETAIN_SELF = YES;
				CLANG_WARN_OBJC_LITERAL_CONVERSION = YES;
				CLANG_WARN_OBJC_ROOT_CLASS = YES_ERROR;
				CLANG_WARN_QUOTED_INCLUDE_IN_FRAMEWORK_HEADER = YES;
				CLANG_WARN_RANGE_LOOP_ANALYSIS = YES;
				CLANG_WARN_STRICT_PROTOTYPES = YES;
				CLANG_WARN_SUSPICIOUS_MOVE = YES;
				CLANG_WARN_UNGUARDED_AVAILABILITY = YES_AGGRESSIVE;
				CLANG_WARN_UNREACHABLE_CODE = YES;
				CLANG_WARN__DUPLICATE_METHOD_MATCH = YES;
				COPY_PHASE_STRIP = NO;
				DEBUG_INFORMATION_FORMAT = dwarf;
				ENABLE_STRICT_OBJC_MSGSEND = YES;
				ENABLE_TESTABILITY = YES;
				GCC_C_LANGUAGE_STANDARD = gnu11;
				GCC_DYNAMIC_NO_PIC = NO;
				GCC_NO_COMMON_BLOCKS = YES;
				GCC_OPTIMIZATION_LEVEL = 0;
				GCC_PREPROCESSOR_DEFINITIONS = (
					"DEBUG=1",
					"$(inherited)",
				);
				GCC_WARN_64_TO_32_BIT_CONVERSION = YES;
				GCC_WARN_ABOUT_RETURN_TYPE = YES_ERROR;
				GCC_WARN_UNDECLARED_SELECTOR = YES;
				GCC_WARN_UNINITIALIZED_AUTOS = YES_AGGRESSIVE;
				GCC_WARN_UNUSED_FUNCTION = YES;
				GCC_WARN_UNUSED_VARIABLE = YES;
				IPHONEOS_DEPLOYMENT_TARGET = 15.5;
				MTL_ENABLE_DEBUG_INFO = INCLUDE_SOURCE;
				MTL_FAST_MATH = YES;
				ONLY_ACTIVE_ARCH = YES;
				SDKROOT = iphoneos;
				SWIFT_ACTIVE_COMPILATION_CONDITIONS = DEBUG;
				SWIFT_OPTIMIZATION_LEVEL = "-Onone";
			};
			name = Debug;
		};
		180DB5C2284A3C5900D627F5 /* Release */ = {
			isa = XCBuildConfiguration;
			buildSettings = {
				ALWAYS_SEARCH_USER_PATHS = NO;
				CLANG_ANALYZER_NONNULL = YES;
				CLANG_ANALYZER_NUMBER_OBJECT_CONVERSION = YES_AGGRESSIVE;
				CLANG_CXX_LANGUAGE_STANDARD = "gnu++17";
				CLANG_ENABLE_MODULES = YES;
				CLANG_ENABLE_OBJC_ARC = YES;
				CLANG_ENABLE_OBJC_WEAK = YES;
				CLANG_WARN_BLOCK_CAPTURE_AUTORELEASING = YES;
				CLANG_WARN_BOOL_CONVERSION = YES;
				CLANG_WARN_COMMA = YES;
				CLANG_WARN_CONSTANT_CONVERSION = YES;
				CLANG_WARN_DEPRECATED_OBJC_IMPLEMENTATIONS = YES;
				CLANG_WARN_DIRECT_OBJC_ISA_USAGE = YES_ERROR;
				CLANG_WARN_DOCUMENTATION_COMMENTS = YES;
				CLANG_WARN_EMPTY_BODY = YES;
				CLANG_WARN_ENUM_CONVERSION = YES;
				CLANG_WARN_INFINITE_RECURSION = YES;
				CLANG_WARN_INT_CONVERSION = YES;
				CLANG_WARN_NON_LITERAL_NULL_CONVERSION = YES;
				CLANG_WARN_OBJC_IMPLICIT_RETAIN_SELF = YES;
				CLANG_WARN_OBJC_LITERAL_CONVERSION = YES;
				CLANG_WARN_OBJC_ROOT_CLASS = YES_ERROR;
				CLANG_WARN_QUOTED_INCLUDE_IN_FRAMEWORK_HEADER = YES;
				CLANG_WARN_RANGE_LOOP_ANALYSIS = YES;
				CLANG_WARN_STRICT_PROTOTYPES = YES;
				CLANG_WARN_SUSPICIOUS_MOVE = YES;
				CLANG_WARN_UNGUARDED_AVAILABILITY = YES_AGGRESSIVE;
				CLANG_WARN_UNREACHABLE_CODE = YES;
				CLANG_WARN__DUPLICATE_METHOD_MATCH = YES;
				COPY_PHASE_STRIP = NO;
				DEBUG_INFORMATION_FORMAT = "dwarf-with-dsym";
				ENABLE_NS_ASSERTIONS = NO;
				ENABLE_STRICT_OBJC_MSGSEND = YES;
				GCC_C_LANGUAGE_STANDARD = gnu11;
				GCC_NO_COMMON_BLOCKS = YES;
				GCC_WARN_64_TO_32_BIT_CONVERSION = YES;
				GCC_WARN_ABOUT_RETURN_TYPE = YES_ERROR;
				GCC_WARN_UNDECLARED_SELECTOR = YES;
				GCC_WARN_UNINITIALIZED_AUTOS = YES_AGGRESSIVE;
				GCC_WARN_UNUSED_FUNCTION = YES;
				GCC_WARN_UNUSED_VARIABLE = YES;
				IPHONEOS_DEPLOYMENT_TARGET = 15.5;
				MTL_ENABLE_DEBUG_INFO = NO;
				MTL_FAST_MATH = YES;
				SDKROOT = iphoneos;
				SWIFT_COMPILATION_MODE = wholemodule;
				SWIFT_OPTIMIZATION_LEVEL = "-O";
				VALIDATE_PRODUCT = YES;
			};
			name = Release;
		};
		180DB5C4284A3C5900D627F5 /* Debug */ = {
			isa = XCBuildConfiguration;
			buildSettings = {
				ASSETCATALOG_COMPILER_APPICON_NAME = AppIcon;
				ASSETCATALOG_COMPILER_GLOBAL_ACCENT_COLOR_NAME = AccentColor;
				CODE_SIGN_STYLE = Automatic;
				CURRENT_PROJECT_VERSION = 1;
				GENERATE_INFOPLIST_FILE = YES;
				INFOPLIST_FILE = EcommerceApp/Info.plist;
				INFOPLIST_KEY_UIApplicationSupportsIndirectInputEvents = YES;
				INFOPLIST_KEY_UILaunchStoryboardName = "Launch Screen";
				INFOPLIST_KEY_UIMainStoryboardFile = Main;
				INFOPLIST_KEY_UISupportedInterfaceOrientations = UIInterfaceOrientationPortrait;
				INFOPLIST_KEY_UISupportedInterfaceOrientations_iPad = "UIInterfaceOrientationPortrait UIInterfaceOrientationPortraitUpsideDown UIInterfaceOrientationLandscapeLeft UIInterfaceOrientationLandscapeRight";
				INFOPLIST_KEY_UISupportedInterfaceOrientations_iPhone = "UIInterfaceOrientationPortrait UIInterfaceOrientationLandscapeLeft UIInterfaceOrientationLandscapeRight";
				IPHONEOS_DEPLOYMENT_TARGET = 13.0;
				LD_RUNPATH_SEARCH_PATHS = (
					"$(inherited)",
					"@executable_path/Frameworks",
				);
				MARKETING_VERSION = 1.0;
				PRODUCT_BUNDLE_IDENTIFIER = com.testorganization.ecommerce.app;
				PRODUCT_NAME = "$(TARGET_NAME)";
				SWIFT_EMIT_LOC_STRINGS = YES;
				SWIFT_VERSION = 5.0;
				TARGETED_DEVICE_FAMILY = 1;
			};
			name = Debug;
		};
		180DB5C5284A3C5900D627F5 /* Release */ = {
			isa = XCBuildConfiguration;
			buildSettings = {
				ASSETCATALOG_COMPILER_APPICON_NAME = AppIcon;
				ASSETCATALOG_COMPILER_GLOBAL_ACCENT_COLOR_NAME = AccentColor;
				CODE_SIGN_STYLE = Automatic;
				CURRENT_PROJECT_VERSION = 1;
				GENERATE_INFOPLIST_FILE = YES;
				INFOPLIST_FILE = EcommerceApp/Info.plist;
				INFOPLIST_KEY_UIApplicationSupportsIndirectInputEvents = YES;
				INFOPLIST_KEY_UILaunchStoryboardName = "Launch Screen";
				INFOPLIST_KEY_UIMainStoryboardFile = Main;
				INFOPLIST_KEY_UISupportedInterfaceOrientations = UIInterfaceOrientationPortrait;
				INFOPLIST_KEY_UISupportedInterfaceOrientations_iPad = "UIInterfaceOrientationPortrait UIInterfaceOrientationPortraitUpsideDown UIInterfaceOrientationLandscapeLeft UIInterfaceOrientationLandscapeRight";
				INFOPLIST_KEY_UISupportedInterfaceOrientations_iPhone = "UIInterfaceOrientationPortrait UIInterfaceOrientationLandscapeLeft UIInterfaceOrientationLandscapeRight";
				IPHONEOS_DEPLOYMENT_TARGET = 13.0;
				LD_RUNPATH_SEARCH_PATHS = (
					"$(inherited)",
					"@executable_path/Frameworks",
				);
				MARKETING_VERSION = 1.0;
				PRODUCT_BUNDLE_IDENTIFIER = com.testorganization.ecommerce.app;
				PRODUCT_NAME = "$(TARGET_NAME)";
				SWIFT_EMIT_LOC_STRINGS = YES;
				SWIFT_VERSION = 5.0;
				TARGETED_DEVICE_FAMILY = 1;
			};
			name = Release;
		};
		180DB5C7284A3C5900D627F5 /* Debug */ = {
			isa = XCBuildConfiguration;
			buildSettings = {
				ALWAYS_EMBED_SWIFT_STANDARD_LIBRARIES = YES;
				BUNDLE_LOADER = "$(TEST_HOST)";
				CODE_SIGN_STYLE = Automatic;
				CURRENT_PROJECT_VERSION = 1;
				GENERATE_INFOPLIST_FILE = YES;
				IPHONEOS_DEPLOYMENT_TARGET = 15.5;
				MARKETING_VERSION = 1.0;
				PRODUCT_BUNDLE_IDENTIFIER = com.testorganization.EcommerceAppTests;
				PRODUCT_NAME = "$(TARGET_NAME)";
				SWIFT_EMIT_LOC_STRINGS = NO;
				SWIFT_VERSION = 5.0;
				TARGETED_DEVICE_FAMILY = "1,2";
				TEST_HOST = "$(BUILT_PRODUCTS_DIR)/EcommerceApp.app/EcommerceApp";
			};
			name = Debug;
		};
		180DB5C8284A3C5900D627F5 /* Release */ = {
			isa = XCBuildConfiguration;
			buildSettings = {
				ALWAYS_EMBED_SWIFT_STANDARD_LIBRARIES = YES;
				BUNDLE_LOADER = "$(TEST_HOST)";
				CODE_SIGN_STYLE = Automatic;
				CURRENT_PROJECT_VERSION = 1;
				GENERATE_INFOPLIST_FILE = YES;
				IPHONEOS_DEPLOYMENT_TARGET = 15.5;
				MARKETING_VERSION = 1.0;
				PRODUCT_BUNDLE_IDENTIFIER = com.testorganization.EcommerceAppTests;
				PRODUCT_NAME = "$(TARGET_NAME)";
				SWIFT_EMIT_LOC_STRINGS = NO;
				SWIFT_VERSION = 5.0;
				TARGETED_DEVICE_FAMILY = "1,2";
				TEST_HOST = "$(BUILT_PRODUCTS_DIR)/EcommerceApp.app/EcommerceApp";
			};
			name = Release;
		};
		180DB5CA284A3C5900D627F5 /* Debug */ = {
			isa = XCBuildConfiguration;
			buildSettings = {
				ALWAYS_EMBED_SWIFT_STANDARD_LIBRARIES = YES;
				CODE_SIGN_STYLE = Automatic;
				CURRENT_PROJECT_VERSION = 1;
				GENERATE_INFOPLIST_FILE = YES;
				MARKETING_VERSION = 1.0;
				PRODUCT_BUNDLE_IDENTIFIER = com.testorganization.EcommerceAppUITests;
				PRODUCT_NAME = "$(TARGET_NAME)";
				SWIFT_EMIT_LOC_STRINGS = NO;
				SWIFT_VERSION = 5.0;
				TARGETED_DEVICE_FAMILY = "1,2";
				TEST_TARGET_NAME = EcommerceApp;
			};
			name = Debug;
		};
		180DB5CB284A3C5900D627F5 /* Release */ = {
			isa = XCBuildConfiguration;
			buildSettings = {
				ALWAYS_EMBED_SWIFT_STANDARD_LIBRARIES = YES;
				CODE_SIGN_STYLE = Automatic;
				CURRENT_PROJECT_VERSION = 1;
				GENERATE_INFOPLIST_FILE = YES;
				MARKETING_VERSION = 1.0;
				PRODUCT_BUNDLE_IDENTIFIER = com.testorganization.EcommerceAppUITests;
				PRODUCT_NAME = "$(TARGET_NAME)";
				SWIFT_EMIT_LOC_STRINGS = NO;
				SWIFT_VERSION = 5.0;
				TARGETED_DEVICE_FAMILY = "1,2";
				TEST_TARGET_NAME = EcommerceApp;
			};
			name = Release;
		};
/* End XCBuildConfiguration section */

/* Begin XCConfigurationList section */
		180DB594284A3C5500D627F5 /* Build configuration list for PBXProject "EcommerceApp" */ = {
			isa = XCConfigurationList;
			buildConfigurations = (
				180DB5C1284A3C5900D627F5 /* Debug */,
				180DB5C2284A3C5900D627F5 /* Release */,
			);
			defaultConfigurationIsVisible = 0;
			defaultConfigurationName = Release;
		};
		180DB5C3284A3C5900D627F5 /* Build configuration list for PBXNativeTarget "EcommerceApp" */ = {
			isa = XCConfigurationList;
			buildConfigurations = (
				180DB5C4284A3C5900D627F5 /* Debug */,
				180DB5C5284A3C5900D627F5 /* Release */,
			);
			defaultConfigurationIsVisible = 0;
			defaultConfigurationName = Release;
		};
		180DB5C6284A3C5900D627F5 /* Build configuration list for PBXNativeTarget "EcommerceAppTests" */ = {
			isa = XCConfigurationList;
			buildConfigurations = (
				180DB5C7284A3C5900D627F5 /* Debug */,
				180DB5C8284A3C5900D627F5 /* Release */,
			);
			defaultConfigurationIsVisible = 0;
			defaultConfigurationName = Release;
		};
		180DB5C9284A3C5900D627F5 /* Build configuration list for PBXNativeTarget "EcommerceAppUITests" */ = {
			isa = XCConfigurationList;
			buildConfigurations = (
				180DB5CA284A3C5900D627F5 /* Debug */,
				180DB5CB284A3C5900D627F5 /* Release */,
			);
			defaultConfigurationIsVisible = 0;
			defaultConfigurationName = Release;
		};
/* End XCConfigurationList section */

/* Begin XCRemoteSwiftPackageReference section */
		180DB5FF284A586300D627F5 /* XCRemoteSwiftPackageReference "SDWebImage" */ = {
			isa = XCRemoteSwiftPackageReference;
			repositoryURL = "https://github.com/SDWebImage/SDWebImage.git";
			requirement = {
				kind = upToNextMajorVersion;
				minimumVersion = 5.0.0;
			};
		};
/* End XCRemoteSwiftPackageReference section */

/* Begin XCSwiftPackageProductDependency section */
		180DB600284A586300D627F5 /* SDWebImage */ = {
			isa = XCSwiftPackageProductDependency;
			package = 180DB5FF284A586300D627F5 /* XCRemoteSwiftPackageReference "SDWebImage" */;
			productName = SDWebImage;
		};
/* End XCSwiftPackageProductDependency section */
	};
	rootObject = 180DB591284A3C5500D627F5 /* Project object */;
}
